Microsoft Visual Studio Solution File, Format Version 12.00
# Visual Studio Version 17
VisualStudioVersion = 17.5.2.0
MinimumVisualStudioVersion = 10.0.40219.1
Project("{FAE04EC0-301F-11D3-BF4B-00C04F79EFBC}") = "AulaPOO", "AulaPOO.csproj", "{73143C37-E599-1920-65E5-504F807656E5}"
EndProject
Global
	GlobalSection(SolutionConfigurationPlatforms) = preSolution
		Debug|Any CPU = Debug|Any CPU
		Release|Any CPU = Release|Any CPU
	EndGlobalSection
	GlobalSection(ProjectConfigurationPlatforms) = postSolution
		{73143C37-E599-1920-65E5-504F807656E5}.Debug|Any CPU.ActiveCfg = Debug|Any CPU
		{73143C37-E599-1920-65E5-504F807656E5}.Debug|Any CPU.Build.0 = Debug|Any CPU
		{73143C37-E599-1920-65E5-504F807656E5}.Release|Any CPU.ActiveCfg = Release|Any CPU
		{73143C37-E599-1920-65E5-504F807656E5}.Release|Any CPU.Build.0 = Release|Any CPU
	EndGlobalSection
	GlobalSection(SolutionProperties) = preSolution
		HideSolutionNode = FALSE
	EndGlobalSection
	GlobalSection(ExtensibilityGlobals) = postSolution
		SolutionGuid = {5FAF4EB2-D12C-4FFB-A43C-728D02A4F231}
	EndGlobalSection
EndGlobal
